{
  "name": "backend",
  "version": "1.0.0",
  "lockfileVersion": 3,
  "requires": true,
  "packages": {
    "": {
      "name": "backend",
      "version": "1.0.0",
      "license": "ISC",
      "dependencies": {
        "random": "^5.4.0",
        "random-words": "^2.0.1",
        "words": "^0.3.0"
      }
    },
    "node_modules/random": {
      "version": "5.4.0",
      "resolved": "https://registry.npmjs.org/random/-/random-5.4.0.tgz",
      "integrity": "sha512-Y147ufdzRqcQuBpKkoW7N3+B/SW4X6pF3ZfsNy+bF1r3i/I+j2zobnCp+9vN1nIJDjObI/174PCySTa3FECynQ==",
      "engines": {
        "node": ">=18"
      }
    },
    "node_modules/random-words": {
      "version": "2.0.1",
      "resolved": "https://registry.npmjs.org/random-words/-/random-words-2.0.1.tgz",
      "integrity": "sha512-nZNJAmgcFmtJMTDDIUCm/iK4R6RydC6NvALvWhYItXQrgYGk1F7Gww416LpVROFQtfVd5TaLEf4WuSsko03N7w==",
      "dependencies": {
        "seedrandom": "^3.0.5"
      }
    },
    "node_modules/react": {
      "version": "19.1.0",
      "resolved": "https://registry.npmjs.org/react/-/react-19.1.0.tgz",
      "integrity": "sha512-FS+XFBNvn3GTAWq26joslQgWNoFu08F4kl0J4CgdNKADkdSGXQyTCnKteIAJy96Br6YbpEU1LSzV5dYtjMkMDg==",
      "peer": true,
      "engines": {
        "node": ">=0.10.0"
      }
    },
    "node_modules/seedrandom": {
      "version": "3.0.5",
      "resolved": "https://registry.npmjs.org/seedrandom/-/seedrandom-3.0.5.tgz",
      "integrity": "sha512-8OwmbklUNzwezjGInmZ+2clQmExQPvomqjL7LFqOYqtmuxRgQYqOD3mHaU+MvZn5FLUeVxVfQjwLZW/n/JFuqg=="
    },
    "node_modules/words": {
      "version": "0.3.0",
      "resolved": "https://registry.npmjs.org/words/-/words-0.3.0.tgz",
      "integrity": "sha512-oejl1UFIGMeTELSBFCzjt7SzEAuGcfi7jIQVz8mHkXHeydiAyX2j6vhXeX1Zz68osGkDTVpPrLV28BydVyJ06g==",
      "peerDependencies": {
        "react": ">=16.9.0"
      }
    }
  }
}
